
Microsoft Visual Studio Solution File, Format Version 12.00
Project("{FAE04EC0-301F-11D3-BF4B-00C04F79EFBC}") = "TestLibrus", "TestLibrus\TestLibrus.csproj", "{CDE62653-AF61-4905-A7DC-37D9F7DD5EFB}"
EndProject
Project("{FAE04EC0-301F-11D3-BF4B-00C04F79EFBC}") = "TestLibrus.test", "TestLibrus.test\TestLibrus.test.csproj", "{9920E8E2-8F21-464B-B851-9708D46396EE}"
EndProject
Global
	GlobalSection(SolutionConfigurationPlatforms) = preSolution
		Debug|Any CPU = Debug|Any CPU
		Release|Any CPU = Release|Any CPU
	EndGlobalSection
	GlobalSection(ProjectConfigurationPlatforms) = postSolution
		{CDE62653-AF61-4905-A7DC-37D9F7DD5EFB}.Debug|Any CPU.ActiveCfg = Debug|Any CPU
		{CDE62653-AF61-4905-A7DC-37D9F7DD5EFB}.Debug|Any CPU.Build.0 = Debug|Any CPU
		{CDE62653-AF61-4905-A7DC-37D9F7DD5EFB}.Release|Any CPU.ActiveCfg = Release|Any CPU
		{CDE62653-AF61-4905-A7DC-37D9F7DD5EFB}.Release|Any CPU.Build.0 = Release|Any CPU
		{9920E8E2-8F21-464B-B851-9708D46396EE}.Debug|Any CPU.ActiveCfg = Debug|Any CPU
		{9920E8E2-8F21-464B-B851-9708D46396EE}.Debug|Any CPU.Build.0 = Debug|Any CPU
		{9920E8E2-8F21-464B-B851-9708D46396EE}.Release|Any CPU.ActiveCfg = Release|Any CPU
		{9920E8E2-8F21-464B-B851-9708D46396EE}.Release|Any CPU.Build.0 = Release|Any CPU
	EndGlobalSection
EndGlobal
